
Microsoft Visual Studio Solution File, Format Version 12.00
# Visual Studio Version 17
VisualStudioVersion = 17.4.33213.308
MinimumVisualStudioVersion = 10.0.40219.1
Project("{FAE04EC0-301F-11D3-BF4B-00C04F79EFBC}") = "Excelbehandler", "Excelbehandler\Excelbehandler.csproj", "{DB4CC900-23E5-458E-9B03-D7A7609E9170}"
EndProject
Global
	GlobalSection(SolutionConfigurationPlatforms) = preSolution
		Debug|Any CPU = Debug|Any CPU
		Release|Any CPU = Release|Any CPU
	EndGlobalSection
	GlobalSection(ProjectConfigurationPlatforms) = postSolution
		{DB4CC900-23E5-458E-9B03-D7A7609E9170}.Debug|Any CPU.ActiveCfg = Debug|Any CPU
		{DB4CC900-23E5-458E-9B03-D7A7609E9170}.Debug|Any CPU.Build.0 = Debug|Any CPU
		{DB4CC900-23E5-458E-9B03-D7A7609E9170}.Release|Any CPU.ActiveCfg = Release|Any CPU
		{DB4CC900-23E5-458E-9B03-D7A7609E9170}.Release|Any CPU.Build.0 = Release|Any CPU
	EndGlobalSection
	GlobalSection(SolutionProperties) = preSolution
		HideSolutionNode = FALSE
	EndGlobalSection
	GlobalSection(ExtensibilityGlobals) = postSolution
		SolutionGuid = {85C6F766-E343-41F9-90C3-615FBD667F7B}
	EndGlobalSection
EndGlobal
